
Microsoft Visual Studio Solution File, Format Version 12.00
# Visual Studio 2013
VisualStudioVersion = 12.0.30110.0
MinimumVisualStudioVersion = 10.0.40219.1
Project("{FAE04EC0-301F-11D3-BF4B-00C04F79EFBC}") = "Moo.Tests", "MOO.Tests\Moo.Tests.csproj", "{AC8B20F5-A816-49A7-A158-33D4DAD5EBCD}"
EndProject
Project("{2150E333-8FDC-42A3-9474-1A3956D46DE8}") = ".nuget", ".nuget", "{2F57BC3E-620E-4E8F-8416-B44F34B8C311}"
	ProjectSection(SolutionItems) = preProject
		.nuget\NuGet.Config = .nuget\NuGet.Config
		.nuget\NuGet.exe = .nuget\NuGet.exe
		.nuget\NuGet.targets = .nuget\NuGet.targets
	EndProjectSection
EndProject
Project("{2150E333-8FDC-42A3-9474-1A3956D46DE8}") = "Solution items", "Solution items", "{E49E6E2E-84EA-4595-9E34-8DED232D5B15}"
	ProjectSection(SolutionItems) = preProject
		BuildTestRun.testrunconfig = BuildTestRun.testrunconfig
		LocalTestRun.testrunconfig = LocalTestRun.testrunconfig
		Moo.ruleset = Moo.ruleset
		readme.md = readme.md
		Settings.StyleCop = Settings.StyleCop
	EndProjectSection
EndProject
Project("{FAE04EC0-301F-11D3-BF4B-00C04F79EFBC}") = "Moo.TestScenarios", "Moo.TestScenarios\Moo.TestScenarios.csproj", "{BF488F7B-96A2-4FBE-938C-58D3AABB90CD}"
EndProject
Project("{FAE04EC0-301F-11D3-BF4B-00C04F79EFBC}") = "Moo.PerfComparison", "Moo.PerfComparison\Moo.PerfComparison.csproj", "{A42F9021-CFD7-42B5-AD65-3B489C99AA13}"
EndProject
Project("{FAE04EC0-301F-11D3-BF4B-00C04F79EFBC}") = "Moo.NetFx", "Moo\Moo.NetFx.csproj", "{2166679E-1905-4EB6-AF3E-48B9E70831B5}"
EndProject
Project("{FAE04EC0-301F-11D3-BF4B-00C04F79EFBC}") = "Moo.Plm", "Moo\Moo.Plm.csproj", "{7EADF25D-6278-460F-9150-EF8A7F738657}"
EndProject
Global
	GlobalSection(SolutionConfigurationPlatforms) = preSolution
		Debug|Any CPU = Debug|Any CPU
		Debug|Mixed Platforms = Debug|Mixed Platforms
		Debug|x86 = Debug|x86
		Release|Any CPU = Release|Any CPU
		Release|Mixed Platforms = Release|Mixed Platforms
		Release|x86 = Release|x86
	EndGlobalSection
	GlobalSection(ProjectConfigurationPlatforms) = postSolution
		{AC8B20F5-A816-49A7-A158-33D4DAD5EBCD}.Debug|Any CPU.ActiveCfg = Debug|Any CPU
		{AC8B20F5-A816-49A7-A158-33D4DAD5EBCD}.Debug|Any CPU.Build.0 = Debug|Any CPU
		{AC8B20F5-A816-49A7-A158-33D4DAD5EBCD}.Debug|Mixed Platforms.ActiveCfg = Debug|Any CPU
		{AC8B20F5-A816-49A7-A158-33D4DAD5EBCD}.Debug|Mixed Platforms.Build.0 = Debug|Any CPU
		{AC8B20F5-A816-49A7-A158-33D4DAD5EBCD}.Debug|x86.ActiveCfg = Debug|Any CPU
		{AC8B20F5-A816-49A7-A158-33D4DAD5EBCD}.Release|Any CPU.ActiveCfg = Release|Any CPU
		{AC8B20F5-A816-49A7-A158-33D4DAD5EBCD}.Release|Any CPU.Build.0 = Release|Any CPU
		{AC8B20F5-A816-49A7-A158-33D4DAD5EBCD}.Release|Mixed Platforms.ActiveCfg = Release|Any CPU
		{AC8B20F5-A816-49A7-A158-33D4DAD5EBCD}.Release|Mixed Platforms.Build.0 = Release|Any CPU
		{AC8B20F5-A816-49A7-A158-33D4DAD5EBCD}.Release|x86.ActiveCfg = Release|Any CPU
		{BF488F7B-96A2-4FBE-938C-58D3AABB90CD}.Debug|Any CPU.ActiveCfg = Debug|Any CPU
		{BF488F7B-96A2-4FBE-938C-58D3AABB90CD}.Debug|Any CPU.Build.0 = Debug|Any CPU
		{BF488F7B-96A2-4FBE-938C-58D3AABB90CD}.Debug|Mixed Platforms.ActiveCfg = Debug|Any CPU
		{BF488F7B-96A2-4FBE-938C-58D3AABB90CD}.Debug|Mixed Platforms.Build.0 = Debug|Any CPU
		{BF488F7B-96A2-4FBE-938C-58D3AABB90CD}.Debug|x86.ActiveCfg = Debug|Any CPU
		{BF488F7B-96A2-4FBE-938C-58D3AABB90CD}.Release|Any CPU.ActiveCfg = Release|Any CPU
		{BF488F7B-96A2-4FBE-938C-58D3AABB90CD}.Release|Any CPU.Build.0 = Release|Any CPU
		{BF488F7B-96A2-4FBE-938C-58D3AABB90CD}.Release|Mixed Platforms.ActiveCfg = Release|Any CPU
		{BF488F7B-96A2-4FBE-938C-58D3AABB90CD}.Release|Mixed Platforms.Build.0 = Release|Any CPU
		{BF488F7B-96A2-4FBE-938C-58D3AABB90CD}.Release|x86.ActiveCfg = Release|Any CPU
		{A42F9021-CFD7-42B5-AD65-3B489C99AA13}.Debug|Any CPU.ActiveCfg = Debug|Any CPU
		{A42F9021-CFD7-42B5-AD65-3B489C99AA13}.Debug|Any CPU.Build.0 = Debug|Any CPU
		{A42F9021-CFD7-42B5-AD65-3B489C99AA13}.Debug|Mixed Platforms.ActiveCfg = Debug|Any CPU
		{A42F9021-CFD7-42B5-AD65-3B489C99AA13}.Debug|Mixed Platforms.Build.0 = Debug|Any CPU
		{A42F9021-CFD7-42B5-AD65-3B489C99AA13}.Debug|x86.ActiveCfg = Debug|Any CPU
		{A42F9021-CFD7-42B5-AD65-3B489C99AA13}.Release|Any CPU.ActiveCfg = Release|Any CPU
		{A42F9021-CFD7-42B5-AD65-3B489C99AA13}.Release|Any CPU.Build.0 = Release|Any CPU
		{A42F9021-CFD7-42B5-AD65-3B489C99AA13}.Release|Mixed Platforms.ActiveCfg = Release|Any CPU
		{A42F9021-CFD7-42B5-AD65-3B489C99AA13}.Release|Mixed Platforms.Build.0 = Release|Any CPU
		{A42F9021-CFD7-42B5-AD65-3B489C99AA13}.Release|x86.ActiveCfg = Release|Any CPU
		{2166679E-1905-4EB6-AF3E-48B9E70831B5}.Debug|Any CPU.ActiveCfg = Debug|Any CPU
		{2166679E-1905-4EB6-AF3E-48B9E70831B5}.Debug|Any CPU.Build.0 = Debug|Any CPU
		{2166679E-1905-4EB6-AF3E-48B9E70831B5}.Debug|Mixed Platforms.ActiveCfg = Debug|Any CPU
		{2166679E-1905-4EB6-AF3E-48B9E70831B5}.Debug|Mixed Platforms.Build.0 = Debug|Any CPU
		{2166679E-1905-4EB6-AF3E-48B9E70831B5}.Debug|x86.ActiveCfg = Debug|Any CPU
		{2166679E-1905-4EB6-AF3E-48B9E70831B5}.Release|Any CPU.ActiveCfg = Release|Any CPU
		{2166679E-1905-4EB6-AF3E-48B9E70831B5}.Release|Any CPU.Build.0 = Release|Any CPU
		{2166679E-1905-4EB6-AF3E-48B9E70831B5}.Release|Mixed Platforms.ActiveCfg = Release|Any CPU
		{2166679E-1905-4EB6-AF3E-48B9E70831B5}.Release|Mixed Platforms.Build.0 = Release|Any CPU
		{2166679E-1905-4EB6-AF3E-48B9E70831B5}.Release|x86.ActiveCfg = Release|Any CPU
		{7EADF25D-6278-460F-9150-EF8A7F738657}.Debug|Any CPU.ActiveCfg = Debug|Any CPU
		{7EADF25D-6278-460F-9150-EF8A7F738657}.Debug|Any CPU.Build.0 = Debug|Any CPU
		{7EADF25D-6278-460F-9150-EF8A7F738657}.Debug|Mixed Platforms.ActiveCfg = Debug|Any CPU
		{7EADF25D-6278-460F-9150-EF8A7F738657}.Debug|Mixed Platforms.Build.0 = Debug|Any CPU
		{7EADF25D-6278-460F-9150-EF8A7F738657}.Debug|x86.ActiveCfg = Debug|Any CPU
		{7EADF25D-6278-460F-9150-EF8A7F738657}.Release|Any CPU.ActiveCfg = Release|Any CPU
		{7EADF25D-6278-460F-9150-EF8A7F738657}.Release|Any CPU.Build.0 = Release|Any CPU
		{7EADF25D-6278-460F-9150-EF8A7F738657}.Release|Mixed Platforms.ActiveCfg = Release|Any CPU
		{7EADF25D-6278-460F-9150-EF8A7F738657}.Release|Mixed Platforms.Build.0 = Release|Any CPU
		{7EADF25D-6278-460F-9150-EF8A7F738657}.Release|x86.ActiveCfg = Release|Any CPU
	EndGlobalSection
	GlobalSection(SolutionProperties) = preSolution
		HideSolutionNode = FALSE
	EndGlobalSection
	GlobalSection(SpecExplorer.ActivityCompletionStatus) = preSolution
		SpecExplorer.ActivityCompletionStatus = TestExisting: ;ModelFromScratch: 
	EndGlobalSection
EndGlobal
